
Microsoft Visual Studio Solution File, Format Version 12.00
# Visual Studio Version 17
VisualStudioVersion = 17.11.35312.102
MinimumVisualStudioVersion = 10.0.40219.1
Project("{FAE04EC0-301F-11D3-BF4B-00C04F79EFBC}") = "RubricaConClassi", "RubricaConClassi\RubricaConClassi.csproj", "{2F4E08E5-FF9B-4A8F-B872-DD1D241DCBE3}"
EndProject
Global
	GlobalSection(SolutionConfigurationPlatforms) = preSolution
		Debug|Any CPU = Debug|Any CPU
		Release|Any CPU = Release|Any CPU
	EndGlobalSection
	GlobalSection(ProjectConfigurationPlatforms) = postSolution
		{2F4E08E5-FF9B-4A8F-B872-DD1D241DCBE3}.Debug|Any CPU.ActiveCfg = Debug|Any CPU
		{2F4E08E5-FF9B-4A8F-B872-DD1D241DCBE3}.Debug|Any CPU.Build.0 = Debug|Any CPU
		{2F4E08E5-FF9B-4A8F-B872-DD1D241DCBE3}.Release|Any CPU.ActiveCfg = Release|Any CPU
		{2F4E08E5-FF9B-4A8F-B872-DD1D241DCBE3}.Release|Any CPU.Build.0 = Release|Any CPU
	EndGlobalSection
	GlobalSection(SolutionProperties) = preSolution
		HideSolutionNode = FALSE
	EndGlobalSection
	GlobalSection(ExtensibilityGlobals) = postSolution
		SolutionGuid = {0184DE38-EBDF-44A7-9652-B9ABFF0A9C0D}
	EndGlobalSection
EndGlobal
